
Microsoft Visual Studio Solution File, Format Version 12.00
# Visual Studio 15
VisualStudioVersion = 15.0.28307.438
MinimumVisualStudioVersion = 10.0.40219.1
Project("{FAE04EC0-301F-11D3-BF4B-00C04F79EFBC}") = "CoreAngular", "CoreAngular\CoreAngular.csproj", "{D3AD188E-D7E2-4676-BD83-C13052B2DEBF}"
EndProject
Global
	GlobalSection(SolutionConfigurationPlatforms) = preSolution
		Debug|Any CPU = Debug|Any CPU
		Release|Any CPU = Release|Any CPU
	EndGlobalSection
	GlobalSection(ProjectConfigurationPlatforms) = postSolution
		{D3AD188E-D7E2-4676-BD83-C13052B2DEBF}.Debug|Any CPU.ActiveCfg = Debug|Any CPU
		{D3AD188E-D7E2-4676-BD83-C13052B2DEBF}.Debug|Any CPU.Build.0 = Debug|Any CPU
		{D3AD188E-D7E2-4676-BD83-C13052B2DEBF}.Release|Any CPU.ActiveCfg = Release|Any CPU
		{D3AD188E-D7E2-4676-BD83-C13052B2DEBF}.Release|Any CPU.Build.0 = Release|Any CPU
	EndGlobalSection
	GlobalSection(SolutionProperties) = preSolution
		HideSolutionNode = FALSE
	EndGlobalSection
	GlobalSection(ExtensibilityGlobals) = postSolution
		SolutionGuid = {BDD7128E-DBED-4D1C-917D-27F1BBD1B13A}
	EndGlobalSection
EndGlobal
